
Microsoft Visual Studio Solution File, Format Version 12.00
# Visual Studio Version 16
VisualStudioVersion = 16.0.29613.14
MinimumVisualStudioVersion = 10.0.40219.1
Project("{9A19103F-16F7-4668-BE54-9A1E7A4F7556}") = "BinStorage", "src\BinStorage\BinStorage.csproj", "{8F84FCD3-76B1-4CDF-BBEB-0A20215D196E}"
EndProject
Project("{9A19103F-16F7-4668-BE54-9A1E7A4F7556}") = "BinStorage.Test", "src\BinStorage.Test\BinStorage.Test.csproj", "{23CEACD8-9BDF-441E-8698-27FDF1E06FE9}"
EndProject
Project("{FAE04EC0-301F-11D3-BF4B-00C04F79EFBC}") = "BinStorage.TestApp", "src\BinStorage.TestApp\BinStorage.TestApp.csproj", "{21CBB728-3A4A-41C5-997E-204E8094CEB7}"
EndProject
Global
	GlobalSection(SolutionConfigurationPlatforms) = preSolution
		Debug|Any CPU = Debug|Any CPU
		Release|Any CPU = Release|Any CPU
	EndGlobalSection
	GlobalSection(ProjectConfigurationPlatforms) = postSolution
		{8F84FCD3-76B1-4CDF-BBEB-0A20215D196E}.Debug|Any CPU.ActiveCfg = Debug|Any CPU
		{8F84FCD3-76B1-4CDF-BBEB-0A20215D196E}.Debug|Any CPU.Build.0 = Debug|Any CPU
		{8F84FCD3-76B1-4CDF-BBEB-0A20215D196E}.Release|Any CPU.ActiveCfg = Release|Any CPU
		{8F84FCD3-76B1-4CDF-BBEB-0A20215D196E}.Release|Any CPU.Build.0 = Release|Any CPU
		{23CEACD8-9BDF-441E-8698-27FDF1E06FE9}.Debug|Any CPU.ActiveCfg = Debug|Any CPU
		{23CEACD8-9BDF-441E-8698-27FDF1E06FE9}.Debug|Any CPU.Build.0 = Debug|Any CPU
		{23CEACD8-9BDF-441E-8698-27FDF1E06FE9}.Release|Any CPU.ActiveCfg = Release|Any CPU
		{23CEACD8-9BDF-441E-8698-27FDF1E06FE9}.Release|Any CPU.Build.0 = Release|Any CPU
		{21CBB728-3A4A-41C5-997E-204E8094CEB7}.Debug|Any CPU.ActiveCfg = Debug|Any CPU
		{21CBB728-3A4A-41C5-997E-204E8094CEB7}.Debug|Any CPU.Build.0 = Debug|Any CPU
		{21CBB728-3A4A-41C5-997E-204E8094CEB7}.Release|Any CPU.ActiveCfg = Release|Any CPU
		{21CBB728-3A4A-41C5-997E-204E8094CEB7}.Release|Any CPU.Build.0 = Release|Any CPU
	EndGlobalSection
	GlobalSection(SolutionProperties) = preSolution
		HideSolutionNode = FALSE
	EndGlobalSection
	GlobalSection(ExtensibilityGlobals) = postSolution
		SolutionGuid = {7B6C27F1-5915-4709-B27E-2D7309E4A137}
	EndGlobalSection
EndGlobal
